# THIS IS AN AUTOGENERATED FILE. DO NOT EDIT THIS FILE DIRECTLY.
# yarn lockfile v1


vue-gitalk@^0.5.0:
  version "0.5.0"
  resolved "https://registry.yarnpkg.com/vue-gitalk/-/vue-gitalk-0.5.0.tgz#2cf41edba24be4122a8f33ef89a5ec8abb028584"
  integrity sha512-r+oFEMc8oPluFS8AnyxRA2bCsoD0HECHffM10/2SSw0f8ihxp+A5E3OzPzn/mbbVhkjiySV/0niB+KHZCqJ0iQ==
