# THIS IS AN AUTOGENERATED FILE. DO NOT EDIT THIS FILE DIRECTLY.
# yarn lockfile v1


vue-gitalk@^0.2.0:
  version "0.2.0"
  resolved "https://registry.yarnpkg.com/vue-gitalk/-/vue-gitalk-0.2.0.tgz#46682a889841e1fbfffb105680f7ad41e55cc905"
  integrity sha512-kuTvcvQwBi7rdPjFzfDqgxpN8aHwMxu+fsvEG1oVaTLXKYuF6InUbezdL+YSOV/oUGN4DX1ga21+JYrCoMKrsA==
