# THIS IS AN AUTOGENERATED FILE. DO NOT EDIT THIS FILE DIRECTLY.
# yarn lockfile v1


vue-gitalk@^0.3.0:
  version "0.3.0"
  resolved "https://registry.yarnpkg.com/vue-gitalk/-/vue-gitalk-0.3.0.tgz#a507ec6d002ded324a986cd9afc87394422f25e9"
  integrity sha512-iu2x/SMZ4pzZ+m1uTrrdVtJgjNvTGAKvlM8EosQ9fvXRSjFyHAeYxygKxQQoGLeywE6XIPzjzmam5Xzy7gmwlQ==
